
Microsoft Visual Studio Solution File, Format Version 12.00
# Visual Studio 15
VisualStudioVersion = 15.0.27703.2018
MinimumVisualStudioVersion = 10.0.40219.1
Project("{FAE04EC0-301F-11D3-BF4B-00C04F79EFBC}") = "ChatMobile.Android", "ChatMobile\ChatMobile.Android\ChatMobile.Android.csproj", "{C8B67487-4802-417D-9D20-5B2C11AF81A5}"
EndProject
Project("{FAE04EC0-301F-11D3-BF4B-00C04F79EFBC}") = "ChatMobile.iOS", "ChatMobile\ChatMobile.iOS\ChatMobile.iOS.csproj", "{E94EC45A-9394-4A48-A774-6CA0310C0FDB}"
EndProject
Project("{D954291E-2A0B-460D-934E-DC6B0785DB48}") = "ChatMobile", "ChatMobile\ChatMobile\ChatMobile.shproj", "{CB4B1FCE-1636-40DB-BAEC-9E6F68717C2E}"
EndProject
Global
	GlobalSection(SharedMSBuildProjectFiles) = preSolution
		ChatMobile\ChatMobile\ChatMobile.projitems*{c8b67487-4802-417d-9d20-5b2c11af81a5}*SharedItemsImports = 4
		ChatMobile\ChatMobile\ChatMobile.projitems*{cb4b1fce-1636-40db-baec-9e6f68717c2e}*SharedItemsImports = 13
		ChatMobile\ChatMobile\ChatMobile.projitems*{e94ec45a-9394-4a48-a774-6ca0310c0fdb}*SharedItemsImports = 4
	EndGlobalSection
	GlobalSection(SolutionConfigurationPlatforms) = preSolution
		Ad-Hoc|Any CPU = Ad-Hoc|Any CPU
		Ad-Hoc|iPhone = Ad-Hoc|iPhone
		Ad-Hoc|iPhoneSimulator = Ad-Hoc|iPhoneSimulator
		AppStore|Any CPU = AppStore|Any CPU
		AppStore|iPhone = AppStore|iPhone
		AppStore|iPhoneSimulator = AppStore|iPhoneSimulator
		Debug|Any CPU = Debug|Any CPU
		Debug|iPhone = Debug|iPhone
		Debug|iPhoneSimulator = Debug|iPhoneSimulator
		Release|Any CPU = Release|Any CPU
		Release|iPhone = Release|iPhone
		Release|iPhoneSimulator = Release|iPhoneSimulator
	EndGlobalSection
	GlobalSection(ProjectConfigurationPlatforms) = postSolution
		{C8B67487-4802-417D-9D20-5B2C11AF81A5}.Ad-Hoc|Any CPU.ActiveCfg = Release|Any CPU
		{C8B67487-4802-417D-9D20-5B2C11AF81A5}.Ad-Hoc|Any CPU.Build.0 = Release|Any CPU
		{C8B67487-4802-417D-9D20-5B2C11AF81A5}.Ad-Hoc|Any CPU.Deploy.0 = Release|Any CPU
		{C8B67487-4802-417D-9D20-5B2C11AF81A5}.Ad-Hoc|iPhone.ActiveCfg = Release|Any CPU
		{C8B67487-4802-417D-9D20-5B2C11AF81A5}.Ad-Hoc|iPhone.Build.0 = Release|Any CPU
		{C8B67487-4802-417D-9D20-5B2C11AF81A5}.Ad-Hoc|iPhone.Deploy.0 = Release|Any CPU
		{C8B67487-4802-417D-9D20-5B2C11AF81A5}.Ad-Hoc|iPhoneSimulator.ActiveCfg = Release|Any CPU
		{C8B67487-4802-417D-9D20-5B2C11AF81A5}.Ad-Hoc|iPhoneSimulator.Build.0 = Release|Any CPU
		{C8B67487-4802-417D-9D20-5B2C11AF81A5}.Ad-Hoc|iPhoneSimulator.Deploy.0 = Release|Any CPU
		{C8B67487-4802-417D-9D20-5B2C11AF81A5}.AppStore|Any CPU.ActiveCfg = Release|Any CPU
		{C8B67487-4802-417D-9D20-5B2C11AF81A5}.AppStore|Any CPU.Build.0 = Release|Any CPU
		{C8B67487-4802-417D-9D20-5B2C11AF81A5}.AppStore|Any CPU.Deploy.0 = Release|Any CPU
		{C8B67487-4802-417D-9D20-5B2C11AF81A5}.AppStore|iPhone.ActiveCfg = Release|Any CPU
		{C8B67487-4802-417D-9D20-5B2C11AF81A5}.AppStore|iPhone.Build.0 = Release|Any CPU
		{C8B67487-4802-417D-9D20-5B2C11AF81A5}.AppStore|iPhone.Deploy.0 = Release|Any CPU
		{C8B67487-4802-417D-9D20-5B2C11AF81A5}.AppStore|iPhoneSimulator.ActiveCfg = Release|Any CPU
		{C8B67487-4802-417D-9D20-5B2C11AF81A5}.AppStore|iPhoneSimulator.Build.0 = Release|Any CPU
		{C8B67487-4802-417D-9D20-5B2C11AF81A5}.AppStore|iPhoneSimulator.Deploy.0 = Release|Any CPU
		{C8B67487-4802-417D-9D20-5B2C11AF81A5}.Debug|Any CPU.ActiveCfg = Debug|Any CPU
		{C8B67487-4802-417D-9D20-5B2C11AF81A5}.Debug|Any CPU.Build.0 = Debug|Any CPU
		{C8B67487-4802-417D-9D20-5B2C11AF81A5}.Debug|Any CPU.Deploy.0 = Debug|Any CPU
		{C8B67487-4802-417D-9D20-5B2C11AF81A5}.Debug|iPhone.ActiveCfg = Debug|Any CPU
		{C8B67487-4802-417D-9D20-5B2C11AF81A5}.Debug|iPhone.Build.0 = Debug|Any CPU
		{C8B67487-4802-417D-9D20-5B2C11AF81A5}.Debug|iPhone.Deploy.0 = Debug|Any CPU
		{C8B67487-4802-417D-9D20-5B2C11AF81A5}.Debug|iPhoneSimulator.ActiveCfg = Debug|Any CPU
		{C8B67487-4802-417D-9D20-5B2C11AF81A5}.Debug|iPhoneSimulator.Build.0 = Debug|Any CPU
		{C8B67487-4802-417D-9D20-5B2C11AF81A5}.Debug|iPhoneSimulator.Deploy.0 = Debug|Any CPU
		{C8B67487-4802-417D-9D20-5B2C11AF81A5}.Release|Any CPU.ActiveCfg = Release|Any CPU
		{C8B67487-4802-417D-9D20-5B2C11AF81A5}.Release|Any CPU.Build.0 = Release|Any CPU
		{C8B67487-4802-417D-9D20-5B2C11AF81A5}.Release|Any CPU.Deploy.0 = Release|Any CPU
		{C8B67487-4802-417D-9D20-5B2C11AF81A5}.Release|iPhone.ActiveCfg = Release|Any CPU
		{C8B67487-4802-417D-9D20-5B2C11AF81A5}.Release|iPhone.Build.0 = Release|Any CPU
		{C8B67487-4802-417D-9D20-5B2C11AF81A5}.Release|iPhone.Deploy.0 = Release|Any CPU
		{C8B67487-4802-417D-9D20-5B2C11AF81A5}.Release|iPhoneSimulator.ActiveCfg = Release|Any CPU
		{C8B67487-4802-417D-9D20-5B2C11AF81A5}.Release|iPhoneSimulator.Build.0 = Release|Any CPU
		{C8B67487-4802-417D-9D20-5B2C11AF81A5}.Release|iPhoneSimulator.Deploy.0 = Release|Any CPU
		{E94EC45A-9394-4A48-A774-6CA0310C0FDB}.Ad-Hoc|Any CPU.ActiveCfg = Ad-Hoc|iPhone
		{E94EC45A-9394-4A48-A774-6CA0310C0FDB}.Ad-Hoc|Any CPU.Build.0 = Ad-Hoc|iPhone
		{E94EC45A-9394-4A48-A774-6CA0310C0FDB}.Ad-Hoc|Any CPU.Deploy.0 = Ad-Hoc|iPhone
		{E94EC45A-9394-4A48-A774-6CA0310C0FDB}.Ad-Hoc|iPhone.ActiveCfg = Ad-Hoc|iPhone
		{E94EC45A-9394-4A48-A774-6CA0310C0FDB}.Ad-Hoc|iPhone.Build.0 = Ad-Hoc|iPhone
		{E94EC45A-9394-4A48-A774-6CA0310C0FDB}.Ad-Hoc|iPhone.Deploy.0 = Ad-Hoc|iPhone
		{E94EC45A-9394-4A48-A774-6CA0310C0FDB}.Ad-Hoc|iPhoneSimulator.ActiveCfg = Ad-Hoc|iPhoneSimulator
		{E94EC45A-9394-4A48-A774-6CA0310C0FDB}.Ad-Hoc|iPhoneSimulator.Build.0 = Ad-Hoc|iPhoneSimulator
		{E94EC45A-9394-4A48-A774-6CA0310C0FDB}.Ad-Hoc|iPhoneSimulator.Deploy.0 = Ad-Hoc|iPhoneSimulator
		{E94EC45A-9394-4A48-A774-6CA0310C0FDB}.AppStore|Any CPU.ActiveCfg = AppStore|iPhone
		{E94EC45A-9394-4A48-A774-6CA0310C0FDB}.AppStore|Any CPU.Build.0 = AppStore|iPhone
		{E94EC45A-9394-4A48-A774-6CA0310C0FDB}.AppStore|Any CPU.Deploy.0 = AppStore|iPhone
		{E94EC45A-9394-4A48-A774-6CA0310C0FDB}.AppStore|iPhone.ActiveCfg = AppStore|iPhone
		{E94EC45A-9394-4A48-A774-6CA0310C0FDB}.AppStore|iPhone.Build.0 = AppStore|iPhone
		{E94EC45A-9394-4A48-A774-6CA0310C0FDB}.AppStore|iPhone.Deploy.0 = AppStore|iPhone
		{E94EC45A-9394-4A48-A774-6CA0310C0FDB}.AppStore|iPhoneSimulator.ActiveCfg = AppStore|iPhoneSimulator
		{E94EC45A-9394-4A48-A774-6CA0310C0FDB}.AppStore|iPhoneSimulator.Build.0 = AppStore|iPhoneSimulator
		{E94EC45A-9394-4A48-A774-6CA0310C0FDB}.AppStore|iPhoneSimulator.Deploy.0 = AppStore|iPhoneSimulator
		{E94EC45A-9394-4A48-A774-6CA0310C0FDB}.Debug|Any CPU.ActiveCfg = Debug|iPhoneSimulator
		{E94EC45A-9394-4A48-A774-6CA0310C0FDB}.Debug|Any CPU.Build.0 = Debug|iPhoneSimulator
		{E94EC45A-9394-4A48-A774-6CA0310C0FDB}.Debug|Any CPU.Deploy.0 = Debug|iPhoneSimulator
		{E94EC45A-9394-4A48-A774-6CA0310C0FDB}.Debug|iPhone.ActiveCfg = Debug|iPhone
		{E94EC45A-9394-4A48-A774-6CA0310C0FDB}.Debug|iPhone.Build.0 = Debug|iPhone
		{E94EC45A-9394-4A48-A774-6CA0310C0FDB}.Debug|iPhone.Deploy.0 = Debug|iPhone
		{E94EC45A-9394-4A48-A774-6CA0310C0FDB}.Debug|iPhoneSimulator.ActiveCfg = Debug|iPhoneSimulator
		{E94EC45A-9394-4A48-A774-6CA0310C0FDB}.Debug|iPhoneSimulator.Build.0 = Debug|iPhoneSimulator
		{E94EC45A-9394-4A48-A774-6CA0310C0FDB}.Debug|iPhoneSimulator.Deploy.0 = Debug|iPhoneSimulator
		{E94EC45A-9394-4A48-A774-6CA0310C0FDB}.Release|Any CPU.ActiveCfg = Release|iPhone
		{E94EC45A-9394-4A48-A774-6CA0310C0FDB}.Release|Any CPU.Build.0 = Release|iPhone
		{E94EC45A-9394-4A48-A774-6CA0310C0FDB}.Release|Any CPU.Deploy.0 = Release|iPhone
		{E94EC45A-9394-4A48-A774-6CA0310C0FDB}.Release|iPhone.ActiveCfg = Release|iPhone
		{E94EC45A-9394-4A48-A774-6CA0310C0FDB}.Release|iPhone.Build.0 = Release|iPhone
		{E94EC45A-9394-4A48-A774-6CA0310C0FDB}.Release|iPhone.Deploy.0 = Release|iPhone
		{E94EC45A-9394-4A48-A774-6CA0310C0FDB}.Release|iPhoneSimulator.ActiveCfg = Release|iPhoneSimulator
		{E94EC45A-9394-4A48-A774-6CA0310C0FDB}.Release|iPhoneSimulator.Build.0 = Release|iPhoneSimulator
		{E94EC45A-9394-4A48-A774-6CA0310C0FDB}.Release|iPhoneSimulator.Deploy.0 = Release|iPhoneSimulator
	EndGlobalSection
	GlobalSection(SolutionProperties) = preSolution
		HideSolutionNode = FALSE
	EndGlobalSection
	GlobalSection(ExtensibilityGlobals) = postSolution
		SolutionGuid = {8BB80B9A-0C59-4FC3-84EB-FF7BFE882CC8}
	EndGlobalSection
EndGlobal
