
Microsoft Visual Studio Solution File, Format Version 12.00
# Visual Studio 15
VisualStudioVersion = 15.0.27703.2018
MinimumVisualStudioVersion = 10.0.40219.1
Project("{FAE04EC0-301F-11D3-BF4B-00C04F79EFBC}") = "ChatMobile.Android", "ChatMobile\ChatMobile.Android\ChatMobile.Android.csproj", "{EBEDC50A-F841-4BC2-A0AC-53CC4382BD10}"
EndProject
Project("{FAE04EC0-301F-11D3-BF4B-00C04F79EFBC}") = "ChatMobile.iOS", "ChatMobile\ChatMobile.iOS\ChatMobile.iOS.csproj", "{A987CB6B-080D-4EF3-ADF3-5BE65DFBEDF6}"
EndProject
Project("{FAE04EC0-301F-11D3-BF4B-00C04F79EFBC}") = "ChatMobile", "ChatMobile\ChatMobile\ChatMobile.csproj", "{33D51982-A02C-46BC-8FE8-B19CF94C8EF9}"
EndProject
Global
	GlobalSection(SolutionConfigurationPlatforms) = preSolution
		Ad-Hoc|Any CPU = Ad-Hoc|Any CPU
		Ad-Hoc|iPhone = Ad-Hoc|iPhone
		Ad-Hoc|iPhoneSimulator = Ad-Hoc|iPhoneSimulator
		AppStore|Any CPU = AppStore|Any CPU
		AppStore|iPhone = AppStore|iPhone
		AppStore|iPhoneSimulator = AppStore|iPhoneSimulator
		Debug|Any CPU = Debug|Any CPU
		Debug|iPhone = Debug|iPhone
		Debug|iPhoneSimulator = Debug|iPhoneSimulator
		Release|Any CPU = Release|Any CPU
		Release|iPhone = Release|iPhone
		Release|iPhoneSimulator = Release|iPhoneSimulator
	EndGlobalSection
	GlobalSection(ProjectConfigurationPlatforms) = postSolution
		{EBEDC50A-F841-4BC2-A0AC-53CC4382BD10}.Ad-Hoc|Any CPU.ActiveCfg = Release|Any CPU
		{EBEDC50A-F841-4BC2-A0AC-53CC4382BD10}.Ad-Hoc|Any CPU.Build.0 = Release|Any CPU
		{EBEDC50A-F841-4BC2-A0AC-53CC4382BD10}.Ad-Hoc|Any CPU.Deploy.0 = Release|Any CPU
		{EBEDC50A-F841-4BC2-A0AC-53CC4382BD10}.Ad-Hoc|iPhone.ActiveCfg = Release|Any CPU
		{EBEDC50A-F841-4BC2-A0AC-53CC4382BD10}.Ad-Hoc|iPhone.Build.0 = Release|Any CPU
		{EBEDC50A-F841-4BC2-A0AC-53CC4382BD10}.Ad-Hoc|iPhone.Deploy.0 = Release|Any CPU
		{EBEDC50A-F841-4BC2-A0AC-53CC4382BD10}.Ad-Hoc|iPhoneSimulator.ActiveCfg = Release|Any CPU
		{EBEDC50A-F841-4BC2-A0AC-53CC4382BD10}.Ad-Hoc|iPhoneSimulator.Build.0 = Release|Any CPU
		{EBEDC50A-F841-4BC2-A0AC-53CC4382BD10}.Ad-Hoc|iPhoneSimulator.Deploy.0 = Release|Any CPU
		{EBEDC50A-F841-4BC2-A0AC-53CC4382BD10}.AppStore|Any CPU.ActiveCfg = Release|Any CPU
		{EBEDC50A-F841-4BC2-A0AC-53CC4382BD10}.AppStore|Any CPU.Build.0 = Release|Any CPU
		{EBEDC50A-F841-4BC2-A0AC-53CC4382BD10}.AppStore|Any CPU.Deploy.0 = Release|Any CPU
		{EBEDC50A-F841-4BC2-A0AC-53CC4382BD10}.AppStore|iPhone.ActiveCfg = Release|Any CPU
		{EBEDC50A-F841-4BC2-A0AC-53CC4382BD10}.AppStore|iPhone.Build.0 = Release|Any CPU
		{EBEDC50A-F841-4BC2-A0AC-53CC4382BD10}.AppStore|iPhone.Deploy.0 = Release|Any CPU
		{EBEDC50A-F841-4BC2-A0AC-53CC4382BD10}.AppStore|iPhoneSimulator.ActiveCfg = Release|Any CPU
		{EBEDC50A-F841-4BC2-A0AC-53CC4382BD10}.AppStore|iPhoneSimulator.Build.0 = Release|Any CPU
		{EBEDC50A-F841-4BC2-A0AC-53CC4382BD10}.AppStore|iPhoneSimulator.Deploy.0 = Release|Any CPU
		{EBEDC50A-F841-4BC2-A0AC-53CC4382BD10}.Debug|Any CPU.ActiveCfg = Debug|Any CPU
		{EBEDC50A-F841-4BC2-A0AC-53CC4382BD10}.Debug|Any CPU.Build.0 = Debug|Any CPU
		{EBEDC50A-F841-4BC2-A0AC-53CC4382BD10}.Debug|Any CPU.Deploy.0 = Debug|Any CPU
		{EBEDC50A-F841-4BC2-A0AC-53CC4382BD10}.Debug|iPhone.ActiveCfg = Debug|Any CPU
		{EBEDC50A-F841-4BC2-A0AC-53CC4382BD10}.Debug|iPhone.Build.0 = Debug|Any CPU
		{EBEDC50A-F841-4BC2-A0AC-53CC4382BD10}.Debug|iPhone.Deploy.0 = Debug|Any CPU
		{EBEDC50A-F841-4BC2-A0AC-53CC4382BD10}.Debug|iPhoneSimulator.ActiveCfg = Debug|Any CPU
		{EBEDC50A-F841-4BC2-A0AC-53CC4382BD10}.Debug|iPhoneSimulator.Build.0 = Debug|Any CPU
		{EBEDC50A-F841-4BC2-A0AC-53CC4382BD10}.Debug|iPhoneSimulator.Deploy.0 = Debug|Any CPU
		{EBEDC50A-F841-4BC2-A0AC-53CC4382BD10}.Release|Any CPU.ActiveCfg = Release|Any CPU
		{EBEDC50A-F841-4BC2-A0AC-53CC4382BD10}.Release|Any CPU.Build.0 = Release|Any CPU
		{EBEDC50A-F841-4BC2-A0AC-53CC4382BD10}.Release|Any CPU.Deploy.0 = Release|Any CPU
		{EBEDC50A-F841-4BC2-A0AC-53CC4382BD10}.Release|iPhone.ActiveCfg = Release|Any CPU
		{EBEDC50A-F841-4BC2-A0AC-53CC4382BD10}.Release|iPhone.Build.0 = Release|Any CPU
		{EBEDC50A-F841-4BC2-A0AC-53CC4382BD10}.Release|iPhone.Deploy.0 = Release|Any CPU
		{EBEDC50A-F841-4BC2-A0AC-53CC4382BD10}.Release|iPhoneSimulator.ActiveCfg = Release|Any CPU
		{EBEDC50A-F841-4BC2-A0AC-53CC4382BD10}.Release|iPhoneSimulator.Build.0 = Release|Any CPU
		{EBEDC50A-F841-4BC2-A0AC-53CC4382BD10}.Release|iPhoneSimulator.Deploy.0 = Release|Any CPU
		{A987CB6B-080D-4EF3-ADF3-5BE65DFBEDF6}.Ad-Hoc|Any CPU.ActiveCfg = Ad-Hoc|iPhone
		{A987CB6B-080D-4EF3-ADF3-5BE65DFBEDF6}.Ad-Hoc|Any CPU.Build.0 = Ad-Hoc|iPhone
		{A987CB6B-080D-4EF3-ADF3-5BE65DFBEDF6}.Ad-Hoc|Any CPU.Deploy.0 = Ad-Hoc|iPhone
		{A987CB6B-080D-4EF3-ADF3-5BE65DFBEDF6}.Ad-Hoc|iPhone.ActiveCfg = Ad-Hoc|iPhone
		{A987CB6B-080D-4EF3-ADF3-5BE65DFBEDF6}.Ad-Hoc|iPhone.Build.0 = Ad-Hoc|iPhone
		{A987CB6B-080D-4EF3-ADF3-5BE65DFBEDF6}.Ad-Hoc|iPhone.Deploy.0 = Ad-Hoc|iPhone
		{A987CB6B-080D-4EF3-ADF3-5BE65DFBEDF6}.Ad-Hoc|iPhoneSimulator.ActiveCfg = Ad-Hoc|iPhoneSimulator
		{A987CB6B-080D-4EF3-ADF3-5BE65DFBEDF6}.Ad-Hoc|iPhoneSimulator.Build.0 = Ad-Hoc|iPhoneSimulator
		{A987CB6B-080D-4EF3-ADF3-5BE65DFBEDF6}.Ad-Hoc|iPhoneSimulator.Deploy.0 = Ad-Hoc|iPhoneSimulator
		{A987CB6B-080D-4EF3-ADF3-5BE65DFBEDF6}.AppStore|Any CPU.ActiveCfg = AppStore|iPhone
		{A987CB6B-080D-4EF3-ADF3-5BE65DFBEDF6}.AppStore|Any CPU.Build.0 = AppStore|iPhone
		{A987CB6B-080D-4EF3-ADF3-5BE65DFBEDF6}.AppStore|Any CPU.Deploy.0 = AppStore|iPhone
		{A987CB6B-080D-4EF3-ADF3-5BE65DFBEDF6}.AppStore|iPhone.ActiveCfg = AppStore|iPhone
		{A987CB6B-080D-4EF3-ADF3-5BE65DFBEDF6}.AppStore|iPhone.Build.0 = AppStore|iPhone
		{A987CB6B-080D-4EF3-ADF3-5BE65DFBEDF6}.AppStore|iPhone.Deploy.0 = AppStore|iPhone
		{A987CB6B-080D-4EF3-ADF3-5BE65DFBEDF6}.AppStore|iPhoneSimulator.ActiveCfg = AppStore|iPhoneSimulator
		{A987CB6B-080D-4EF3-ADF3-5BE65DFBEDF6}.AppStore|iPhoneSimulator.Build.0 = AppStore|iPhoneSimulator
		{A987CB6B-080D-4EF3-ADF3-5BE65DFBEDF6}.AppStore|iPhoneSimulator.Deploy.0 = AppStore|iPhoneSimulator
		{A987CB6B-080D-4EF3-ADF3-5BE65DFBEDF6}.Debug|Any CPU.ActiveCfg = Debug|iPhoneSimulator
		{A987CB6B-080D-4EF3-ADF3-5BE65DFBEDF6}.Debug|Any CPU.Build.0 = Debug|iPhoneSimulator
		{A987CB6B-080D-4EF3-ADF3-5BE65DFBEDF6}.Debug|Any CPU.Deploy.0 = Debug|iPhoneSimulator
		{A987CB6B-080D-4EF3-ADF3-5BE65DFBEDF6}.Debug|iPhone.ActiveCfg = Debug|iPhone
		{A987CB6B-080D-4EF3-ADF3-5BE65DFBEDF6}.Debug|iPhone.Build.0 = Debug|iPhone
		{A987CB6B-080D-4EF3-ADF3-5BE65DFBEDF6}.Debug|iPhone.Deploy.0 = Debug|iPhone
		{A987CB6B-080D-4EF3-ADF3-5BE65DFBEDF6}.Debug|iPhoneSimulator.ActiveCfg = Debug|iPhoneSimulator
		{A987CB6B-080D-4EF3-ADF3-5BE65DFBEDF6}.Debug|iPhoneSimulator.Build.0 = Debug|iPhoneSimulator
		{A987CB6B-080D-4EF3-ADF3-5BE65DFBEDF6}.Debug|iPhoneSimulator.Deploy.0 = Debug|iPhoneSimulator
		{A987CB6B-080D-4EF3-ADF3-5BE65DFBEDF6}.Release|Any CPU.ActiveCfg = Release|iPhone
		{A987CB6B-080D-4EF3-ADF3-5BE65DFBEDF6}.Release|Any CPU.Build.0 = Release|iPhone
		{A987CB6B-080D-4EF3-ADF3-5BE65DFBEDF6}.Release|Any CPU.Deploy.0 = Release|iPhone
		{A987CB6B-080D-4EF3-ADF3-5BE65DFBEDF6}.Release|iPhone.ActiveCfg = Release|iPhone
		{A987CB6B-080D-4EF3-ADF3-5BE65DFBEDF6}.Release|iPhone.Build.0 = Release|iPhone
		{A987CB6B-080D-4EF3-ADF3-5BE65DFBEDF6}.Release|iPhone.Deploy.0 = Release|iPhone
		{A987CB6B-080D-4EF3-ADF3-5BE65DFBEDF6}.Release|iPhoneSimulator.ActiveCfg = Release|iPhoneSimulator
		{A987CB6B-080D-4EF3-ADF3-5BE65DFBEDF6}.Release|iPhoneSimulator.Build.0 = Release|iPhoneSimulator
		{A987CB6B-080D-4EF3-ADF3-5BE65DFBEDF6}.Release|iPhoneSimulator.Deploy.0 = Release|iPhoneSimulator
		{33D51982-A02C-46BC-8FE8-B19CF94C8EF9}.Ad-Hoc|Any CPU.ActiveCfg = Debug|Any CPU
		{33D51982-A02C-46BC-8FE8-B19CF94C8EF9}.Ad-Hoc|Any CPU.Build.0 = Debug|Any CPU
		{33D51982-A02C-46BC-8FE8-B19CF94C8EF9}.Ad-Hoc|Any CPU.Deploy.0 = Debug|Any CPU
		{33D51982-A02C-46BC-8FE8-B19CF94C8EF9}.Ad-Hoc|iPhone.ActiveCfg = Debug|Any CPU
		{33D51982-A02C-46BC-8FE8-B19CF94C8EF9}.Ad-Hoc|iPhone.Build.0 = Debug|Any CPU
		{33D51982-A02C-46BC-8FE8-B19CF94C8EF9}.Ad-Hoc|iPhone.Deploy.0 = Debug|Any CPU
		{33D51982-A02C-46BC-8FE8-B19CF94C8EF9}.Ad-Hoc|iPhoneSimulator.ActiveCfg = Debug|Any CPU
		{33D51982-A02C-46BC-8FE8-B19CF94C8EF9}.Ad-Hoc|iPhoneSimulator.Build.0 = Debug|Any CPU
		{33D51982-A02C-46BC-8FE8-B19CF94C8EF9}.Ad-Hoc|iPhoneSimulator.Deploy.0 = Debug|Any CPU
		{33D51982-A02C-46BC-8FE8-B19CF94C8EF9}.AppStore|Any CPU.ActiveCfg = Debug|Any CPU
		{33D51982-A02C-46BC-8FE8-B19CF94C8EF9}.AppStore|Any CPU.Build.0 = Debug|Any CPU
		{33D51982-A02C-46BC-8FE8-B19CF94C8EF9}.AppStore|Any CPU.Deploy.0 = Debug|Any CPU
		{33D51982-A02C-46BC-8FE8-B19CF94C8EF9}.AppStore|iPhone.ActiveCfg = Debug|Any CPU
		{33D51982-A02C-46BC-8FE8-B19CF94C8EF9}.AppStore|iPhone.Build.0 = Debug|Any CPU
		{33D51982-A02C-46BC-8FE8-B19CF94C8EF9}.AppStore|iPhone.Deploy.0 = Debug|Any CPU
		{33D51982-A02C-46BC-8FE8-B19CF94C8EF9}.AppStore|iPhoneSimulator.ActiveCfg = Debug|Any CPU
		{33D51982-A02C-46BC-8FE8-B19CF94C8EF9}.AppStore|iPhoneSimulator.Build.0 = Debug|Any CPU
		{33D51982-A02C-46BC-8FE8-B19CF94C8EF9}.AppStore|iPhoneSimulator.Deploy.0 = Debug|Any CPU
		{33D51982-A02C-46BC-8FE8-B19CF94C8EF9}.Debug|Any CPU.ActiveCfg = Debug|Any CPU
		{33D51982-A02C-46BC-8FE8-B19CF94C8EF9}.Debug|Any CPU.Build.0 = Debug|Any CPU
		{33D51982-A02C-46BC-8FE8-B19CF94C8EF9}.Debug|Any CPU.Deploy.0 = Debug|Any CPU
		{33D51982-A02C-46BC-8FE8-B19CF94C8EF9}.Debug|iPhone.ActiveCfg = Debug|Any CPU
		{33D51982-A02C-46BC-8FE8-B19CF94C8EF9}.Debug|iPhone.Build.0 = Debug|Any CPU
		{33D51982-A02C-46BC-8FE8-B19CF94C8EF9}.Debug|iPhone.Deploy.0 = Debug|Any CPU
		{33D51982-A02C-46BC-8FE8-B19CF94C8EF9}.Debug|iPhoneSimulator.ActiveCfg = Debug|Any CPU
		{33D51982-A02C-46BC-8FE8-B19CF94C8EF9}.Debug|iPhoneSimulator.Build.0 = Debug|Any CPU
		{33D51982-A02C-46BC-8FE8-B19CF94C8EF9}.Debug|iPhoneSimulator.Deploy.0 = Debug|Any CPU
		{33D51982-A02C-46BC-8FE8-B19CF94C8EF9}.Release|Any CPU.ActiveCfg = Release|Any CPU
		{33D51982-A02C-46BC-8FE8-B19CF94C8EF9}.Release|Any CPU.Build.0 = Release|Any CPU
		{33D51982-A02C-46BC-8FE8-B19CF94C8EF9}.Release|Any CPU.Deploy.0 = Release|Any CPU
		{33D51982-A02C-46BC-8FE8-B19CF94C8EF9}.Release|iPhone.ActiveCfg = Release|Any CPU
		{33D51982-A02C-46BC-8FE8-B19CF94C8EF9}.Release|iPhone.Build.0 = Release|Any CPU
		{33D51982-A02C-46BC-8FE8-B19CF94C8EF9}.Release|iPhone.Deploy.0 = Release|Any CPU
		{33D51982-A02C-46BC-8FE8-B19CF94C8EF9}.Release|iPhoneSimulator.ActiveCfg = Release|Any CPU
		{33D51982-A02C-46BC-8FE8-B19CF94C8EF9}.Release|iPhoneSimulator.Build.0 = Release|Any CPU
		{33D51982-A02C-46BC-8FE8-B19CF94C8EF9}.Release|iPhoneSimulator.Deploy.0 = Release|Any CPU
	EndGlobalSection
	GlobalSection(SolutionProperties) = preSolution
		HideSolutionNode = FALSE
	EndGlobalSection
	GlobalSection(ExtensibilityGlobals) = postSolution
		SolutionGuid = {A4E75FA5-E08A-49FF-B8CC-7F96E1CE5673}
	EndGlobalSection
EndGlobal
